
Microsoft Visual Studio Solution File, Format Version 12.00
# Visual Studio 15
VisualStudioVersion = 15.0.28307.645
MinimumVisualStudioVersion = 10.0.40219.1
Project("{FAE04EC0-301F-11D3-BF4B-00C04F79EFBC}") = "Liar's dice", "Liar's dice\Liar's dice.csproj", "{485D8577-1EBF-4071-946B-4B0F37C00C6F}"
EndProject
Global
	GlobalSection(SolutionConfigurationPlatforms) = preSolution
		Debug|Any CPU = Debug|Any CPU
		Release|Any CPU = Release|Any CPU
	EndGlobalSection
	GlobalSection(ProjectConfigurationPlatforms) = postSolution
		{485D8577-1EBF-4071-946B-4B0F37C00C6F}.Debug|Any CPU.ActiveCfg = Debug|Any CPU
		{485D8577-1EBF-4071-946B-4B0F37C00C6F}.Debug|Any CPU.Build.0 = Debug|Any CPU
		{485D8577-1EBF-4071-946B-4B0F37C00C6F}.Release|Any CPU.ActiveCfg = Release|Any CPU
		{485D8577-1EBF-4071-946B-4B0F37C00C6F}.Release|Any CPU.Build.0 = Release|Any CPU
	EndGlobalSection
	GlobalSection(SolutionProperties) = preSolution
		HideSolutionNode = FALSE
	EndGlobalSection
	GlobalSection(ExtensibilityGlobals) = postSolution
		SolutionGuid = {50E7E2C2-3E5F-48A3-A71B-7D5E91362237}
	EndGlobalSection
EndGlobal
